{
  "nodes": {
    "nixpkgs": {
      "locked": {
        "lastModified": 1763659775,
        "narHash": "sha256-JFLh/x1NhB/n0xtxcrWmyzU94FGcdgoAFJnup96IQfQ=",
        "owner": "NixOS",
        "repo": "nixpkgs",
        "rev": "34fe0487f82e0f3cce859d73671747f41f9cd54e",
        "type": "github"
      },
      "original": {
        "owner": "NixOS",
        "repo": "nixpkgs",
        "type": "github"
      }
    },
    "root": {
      "inputs": {
        "nixpkgs": "nixpkgs"
      }
    }
  },
  "root": "root",
  "version": 7
}
